// !$*UTF8*$!
{
	archiveVersion = 1;
	classes = {
	};
	objectVersion = 46;
	objects = {

/* Begin PBXBuildFile section */
		3D39A6FE1D2E13B5003E85A4 /* AppDelegate.swift in Sources */ = {isa = PBXBuildFile; fileRef = 3D39A6FD1D2E13B5003E85A4 /* AppDelegate.swift */; };
		3D39A7031D2E13B5003E85A4 /* Main.storyboard in Resources */ = {isa = PBXBuildFile; fileRef = 3D39A7011D2E13B5003E85A4 /* Main.storyboard */; };
		3D39A7081D2E13B5003E85A4 /* LaunchScreen.storyboard in Resources */ = {isa = PBXBuildFile; fileRef = 3D39A7061D2E13B5003E85A4 /* LaunchScreen.storyboard */; };
		3D39A7111D2E13E1003E85A4 /* SPCycleScrollview.swift in Sources */ = {isa = PBXBuildFile; fileRef = 3D39A70F1D2E13E1003E85A4 /* SPCycleScrollview.swift */; };
		3D39A7121D2E13E1003E85A4 /* ViewController.swift in Sources */ = {isa = PBXBuildFile; fileRef = 3D39A7101D2E13E1003E85A4 /* ViewController.swift */; };
		3D39A7141D2E13EF003E85A4 /* Assets.xcassets in Resources */ = {isa = PBXBuildFile; fileRef = 3D39A7131D2E13EF003E85A4 /* Assets.xcassets */; };
/* End PBXBuildFile section */

/* Begin PBXFileReference section */
		3D39A6FA1D2E13B5003E85A4 /* SPCycleScrollView.app */ = {isa = PBXFileReference; explicitFileType = wrapper.application; includeInIndex = 0; path = SPCycleScrollView.app; sourceTree = BUILT_PRODUCTS_DIR; };
		3D39A6FD1D2E13B5003E85A4 /* AppDelegate.swift */ = {isa = PBXFileReference; lastKnownFileType = sourcecode.swift; path = AppDelegate.swift; sourceTree = "<group>"; };
		3D39A7021D2E13B5003E85A4 /* Base */ = {isa = PBXFileReference; lastKnownFileType = file.storyboard; name = Base; path = Base.lproj/Main.storyboard; sourceTree = "<group>"; };
		3D39A7071D2E13B5003E85A4 /* Base */ = {isa = PBXFileReference; lastKnownFileType = file.storyboard; name = Base; path = Base.lproj/LaunchScreen.storyboard; sourceTree = "<group>"; };
		3D39A7091D2E13B5003E85A4 /* Info.plist */ = {isa = PBXFileReference; lastKnownFileType = text.plist.xml; path = Info.plist; sourceTree = "<group>"; };
		3D39A70F1D2E13E1003E85A4 /* SPCycleScrollview.swift */ = {isa = PBXFileReference; fileEncoding = 4; lastKnownFileType = sourcecode.swift; path = SPCycleScrollview.swift; sourceTree = "<group>"; };
		3D39A7101D2E13E1003E85A4 /* ViewController.swift */ = {isa = PBXFileReference; fileEncoding = 4; lastKnownFileType = sourcecode.swift; path = ViewController.swift; sourceTree = "<group>"; };
		3D39A7131D2E13EF003E85A4 /* Assets.xcassets */ = {isa = PBXFileReference; lastKnownFileType = folder.assetcatalog; path = Assets.xcassets; sourceTree = "<group>"; };
/* End PBXFileReference section */

/* Begin PBXFrameworksBuildPhase section */
		3D39A6F71D2E13B5003E85A4 /* Frameworks */ = {
			isa = PBXFrameworksBuildPhase;
			buildActionMask = 2147483647;
			files = (
			);
			runOnlyForDeploymentPostprocessing = 0;
		};
/* End PBXFrameworksBuildPhase section */

/* Begin PBXGroup section */
		3D39A6F11D2E13B5003E85A4 = {
			isa = PBXGroup;
			children = (
				3D39A6FC1D2E13B5003E85A4 /* SPCycleScrollView */,
				3D39A6FB1D2E13B5003E85A4 /* Products */,
			);
			sourceTree = "<group>";
		};
		3D39A6FB1D2E13B5003E85A4 /* Products */ = {
			isa = PBXGroup;
			children = (
				3D39A6FA1D2E13B5003E85A4 /* SPCycleScrollView.app */,
			);
			name = Products;
			sourceTree = "<group>";
		};
		3D39A6FC1D2E13B5003E85A4 /* SPCycleScrollView */ = {
			isa = PBXGroup;
			children = (
				3D39A6FD1D2E13B5003E85A4 /* AppDelegate.swift */,
				3D39A7101D2E13E1003E85A4 /* ViewController.swift */,
				3D39A70F1D2E13E1003E85A4 /* SPCycleScrollview.swift */,
				3D39A7011D2E13B5003E85A4 /* Main.storyboard */,
				3D39A7061D2E13B5003E85A4 /* LaunchScreen.storyboard */,
				3D39A7131D2E13EF003E85A4 /* Assets.xcassets */,
				3D39A7091D2E13B5003E85A4 /* Info.plist */,
			);
			path = SPCycleScrollView;
			sourceTree = "<group>";
		};
/* End PBXGroup section */

/* Begin PBXNativeTarget section */
		3D39A6F91D2E13B5003E85A4 /* SPCycleScrollView */ = {
			isa = PBXNativeTarget;
			buildConfigurationList = 3D39A70C1D2E13B5003E85A4 /* Build configuration list for PBXNativeTarget "SPCycleScrollView" */;
			buildPhases = (
				3D39A6F61D2E13B5003E85A4 /* Sources */,
				3D39A6F71D2E13B5003E85A4 /* Frameworks */,
				3D39A6F81D2E13B5003E85A4 /* Resources */,
			);
			buildRules = (
			);
			dependencies = (
			);
			name = SPCycleScrollView;
			productName = SPCycleScrollView;
			productReference = 3D39A6FA1D2E13B5003E85A4 /* SPCycleScrollView.app */;
			productType = "com.apple.product-type.application";
		};
/* End PBXNativeTarget section */

/* Begin PBXProject section */
		3D39A6F21D2E13B5003E85A4 /* Project object */ = {
			isa = PBXProject;
			attributes = {
				LastSwiftUpdateCheck = 0730;
				LastUpgradeCheck = 0730;
				ORGANIZATIONNAME = SP;
				TargetAttributes = {
					3D39A6F91D2E13B5003E85A4 = {
						CreatedOnToolsVersion = 7.3;
					};
				};
			};
			buildConfigurationList = 3D39A6F51D2E13B5003E85A4 /* Build configuration list for PBXProject "SPCycleScrollView" */;
			compatibilityVersion = "Xcode 3.2";
			developmentRegion = English;
			hasScannedForEncodings = 0;
			knownRegions = (
				en,
				Base,
			);
			mainGroup = 3D39A6F11D2E13B5003E85A4;
			productRefGroup = 3D39A6FB1D2E13B5003E85A4 /* Products */;
			projectDirPath = "";
			projectRoot = "";
			targets = (
				3D39A6F91D2E13B5003E85A4 /* SPCycleScrollView */,
			);
		};
/* End PBXProject section */

/* Begin PBXResourcesBuildPhase section */
		3D39A6F81D2E13B5003E85A4 /* Resources */ = {
			isa = PBXResourcesBuildPhase;
			buildActionMask = 2147483647;
			files = (
				3D39A7081D2E13B5003E85A4 /* LaunchScreen.storyboard in Resources */,
				3D39A7141D2E13EF003E85A4 /* Assets.xcassets in Resources */,
				3D39A7031D2E13B5003E85A4 /* Main.storyboard in Resources */,
			);
			runOnlyForDeploymentPostprocessing = 0;
		};
/* End PBXResourcesBuildPhase section */

/* Begin PBXSourcesBuildPhase section */
		3D39A6F61D2E13B5003E85A4 /* Sources */ = {
			isa = PBXSourcesBuildPhase;
			buildActionMask = 2147483647;
			files = (
				3D39A7121D2E13E1003E85A4 /* ViewController.swift in Sources */,
				3D39A6FE1D2E13B5003E85A4 /* AppDelegate.swift in Sources */,
				3D39A7111D2E13E1003E85A4 /* SPCycleScrollview.swift in Sources */,
			);
			runOnlyForDeploymentPostprocessing = 0;
		};
/* End PBXSourcesBuildPhase section */

/* Begin PBXVariantGroup section */
		3D39A7011D2E13B5003E85A4 /* Main.storyboard */ = {
			isa = PBXVariantGroup;
			children = (
				3D39A7021D2E13B5003E85A4 /* Base */,
			);
			name = Main.storyboard;
			sourceTree = "<group>";
		};
		3D39A7061D2E13B5003E85A4 /* LaunchScreen.storyboard */ = {
			isa = PBXVariantGroup;
			children = (
				3D39A7071D2E13B5003E85A4 /* Base */,
			);
			name = LaunchScreen.storyboard;
			sourceTree = "<group>";
		};
/* End PBXVariantGroup section */

/* Begin XCBuildConfiguration section */
		3D39A70A1D2E13B5003E85A4 /* Debug */ = {
			isa = XCBuildConfiguration;
			buildSettings = {
				ALWAYS_SEARCH_USER_PATHS = NO;
				CLANG_ANALYZER_NONNULL = YES;
				CLANG_CXX_LANGUAGE_STANDARD = "gnu++0x";
				CLANG_CXX_LIBRARY = "libc++";
				CLANG_ENABLE_MODULES = YES;
				CLANG_ENABLE_OBJC_ARC = YES;
				CLANG_WARN_BOOL_CONVERSION = YES;
				CLANG_WARN_CONSTANT_CONVERSION = YES;
				CLANG_WARN_DIRECT_OBJC_ISA_USAGE = YES_ERROR;
				CLANG_WARN_EMPTY_BODY = YES;
				CLANG_WARN_ENUM_CONVERSION = YES;
				CLANG_WARN_INT_CONVERSION = YES;
				CLANG_WARN_OBJC_ROOT_CLASS = YES_ERROR;
				CLANG_WARN_UNREACHABLE_CODE = YES;
				CLANG_WARN__DUPLICATE_METHOD_MATCH = YES;
				"CODE_SIGN_IDENTITY[sdk=iphoneos*]" = "iPhone Developer";
				COPY_PHASE_STRIP = NO;
				DEBUG_INFORMATION_FORMAT = dwarf;
				ENABLE_STRICT_OBJC_MSGSEND = YES;
				ENABLE_TESTABILITY = YES;
				GCC_C_LANGUAGE_STANDARD = gnu99;
				GCC_DYNAMIC_NO_PIC = NO;
				GCC_NO_COMMON_BLOCKS = YES;
				GCC_OPTIMIZATION_LEVEL = 0;
				GCC_PREPROCESSOR_DEFINITIONS = (
					"DEBUG=1",
					"$(inherited)",
				);
				GCC_WARN_64_TO_32_BIT_CONVERSION = YES;
				GCC_WARN_ABOUT_RETURN_TYPE = YES_ERROR;
				GCC_WARN_UNDECLARED_SELECTOR = YES;
				GCC_WARN_UNINITIALIZED_AUTOS = YES_AGGRESSIVE;
				GCC_WARN_UNUSED_FUNCTION = YES;
				GCC_WARN_UNUSED_VARIABLE = YES;
				IPHONEOS_DEPLOYMENT_TARGET = 9.3;
				MTL_ENABLE_DEBUG_INFO = YES;
				ONLY_ACTIVE_ARCH = YES;
				SDKROOT = iphoneos;
				SWIFT_OPTIMIZATION_LEVEL = "-Onone";
				TARGETED_DEVICE_FAMILY = "1,2";
			};
			name = Debug;
		};
		3D39A70B1D2E13B5003E85A4 /* Release */ = {
			isa = XCBuildConfiguration;
			buildSettings = {
				ALWAYS_SEARCH_USER_PATHS = NO;
				CLANG_ANALYZER_NONNULL = YES;
				CLANG_CXX_LANGUAGE_STANDARD = "gnu++0x";
				CLANG_CXX_LIBRARY = "libc++";
				CLANG_ENABLE_MODULES = YES;
				CLANG_ENABLE_OBJC_ARC = YES;
				CLANG_WARN_BOOL_CONVERSION = YES;
				CLANG_WARN_CONSTANT_CONVERSION = YES;
				CLANG_WARN_DIRECT_OBJC_ISA_USAGE = YES_ERROR;
				CLANG_WARN_EMPTY_BODY = YES;
				CLANG_WARN_ENUM_CONVERSION = YES;
				CLANG_WARN_INT_CONVERSION = YES;
				CLANG_WARN_OBJC_ROOT_CLASS = YES_ERROR;
				CLANG_WARN_UNREACHABLE_CODE = YES;
				CLANG_WARN__DUPLICATE_METHOD_MATCH = YES;
				"CODE_SIGN_IDENTITY[sdk=iphoneos*]" = "iPhone Developer";
				COPY_PHASE_STRIP = NO;
				DEBUG_INFORMATION_FORMAT = "dwarf-with-dsym";
				ENABLE_NS_ASSERTIONS = NO;
				ENABLE_STRICT_OBJC_MSGSEND = YES;
				GCC_C_LANGUAGE_STANDARD = gnu99;
				GCC_NO_COMMON_BLOCKS = YES;
				GCC_WARN_64_TO_32_BIT_CONVERSION = YES;
				GCC_WARN_ABOUT_RETURN_TYPE = YES_ERROR;
				GCC_WARN_UNDECLARED_SELECTOR = YES;
				GCC_WARN_UNINITIALIZED_AUTOS = YES_AGGRESSIVE;
				GCC_WARN_UNUSED_FUNCTION = YES;
				GCC_WARN_UNUSED_VARIABLE = YES;
				IPHONEOS_DEPLOYMENT_TARGET = 9.3;
				MTL_ENABLE_DEBUG_INFO = NO;
				SDKROOT = iphoneos;
				TARGETED_DEVICE_FAMILY = "1,2";
				VALIDATE_PRODUCT = YES;
			};
			name = Release;
		};
		3D39A70D1D2E13B5003E85A4 /* Debug */ = {
			isa = XCBuildConfiguration;
			buildSettings = {
				ASSETCATALOG_COMPILER_APPICON_NAME = AppIcon;
				INFOPLIST_FILE = SPCycleScrollView/Info.plist;
				LD_RUNPATH_SEARCH_PATHS = "$(inherited) @executable_path/Frameworks";
				PRODUCT_BUNDLE_IDENTIFIER = com.ksp.SPCycleScrollView;
				PRODUCT_NAME = "$(TARGET_NAME)";
			};
			name = Debug;
		};
		3D39A70E1D2E13B5003E85A4 /* Release */ = {
			isa = XCBuildConfiguration;
			buildSettings = {
				ASSETCATALOG_COMPILER_APPICON_NAME = AppIcon;
				INFOPLIST_FILE = SPCycleScrollView/Info.plist;
				LD_RUNPATH_SEARCH_PATHS = "$(inherited) @executable_path/Frameworks";
				PRODUCT_BUNDLE_IDENTIFIER = com.ksp.SPCycleScrollView;
				PRODUCT_NAME = "$(TARGET_NAME)";
			};
			name = Release;
		};
/* End XCBuildConfiguration section */

/* Begin XCConfigurationList section */
		3D39A6F51D2E13B5003E85A4 /* Build configuration list for PBXProject "SPCycleScrollView" */ = {
			isa = XCConfigurationList;
			buildConfigurations = (
				3D39A70A1D2E13B5003E85A4 /* Debug */,
				3D39A70B1D2E13B5003E85A4 /* Release */,
			);
			defaultConfigurationIsVisible = 0;
			defaultConfigurationName = Release;
		};
		3D39A70C1D2E13B5003E85A4 /* Build configuration list for PBXNativeTarget "SPCycleScrollView" */ = {
			isa = XCConfigurationList;
			buildConfigurations = (
				3D39A70D1D2E13B5003E85A4 /* Debug */,
				3D39A70E1D2E13B5003E85A4 /* Release */,
			);
			defaultConfigurationIsVisible = 0;
		};
/* End XCConfigurationList section */
	};
	rootObject = 3D39A6F21D2E13B5003E85A4 /* Project object */;
}
